dmitri.shuralyov.com/gpu/mtl v0.0.0-20221208032759-85de2813cf6b h1:a26Bdkl2B9PmYN6vGXnnfB2UGKjz0Moif1aEg+xTd7M=
dmitri.shuralyov.com/gpu/mtl v0.0.0-20221208032759-85de2813cf6b/go.mod h1:H6x//7gZCb22OMCxBHrMx7a5I7Hp++hsVxbQ4BYO7hU=
github.com/BurntSushi/toml v1.4.0 h1:kuoIxZQy2WRRk1pttg9asf+WVv6tWQuBNVmK8+nqPr0=
github.com/BurntSushi/toml v1.4.0/go.mod h1:ukJfTF/6rtPPRCnwkur4qwRxa8vTRFBF0uk2lLoLwho=
github.com/fsnotify/fsnotify v1.8.0 h1:dAwr6QBTBZIkG8roQaJjGof0pp0EeF+tNV7YBP3F/8M=
github.com/fsnotify/fsnotify v1.8.0/go.mod h1:8jBTzvmWwFyi3Pb8djgCCO5IBqzKJ/Jwo8TRcHyHii0=
github.com/go-gl/glfw/v3.3/glfw v0.0.0-20231223183121-56fa3ac82ce7 h1:7tf/0aw5DxRQjr7WaNqgtjidub6v21L2cogKIbMcTYw=
github.com/go-gl/glfw/v3.3/glfw v0.0.0-20231223183121-56fa3ac82ce7/go.mod h1:tQ2UAYgL5IevRw8kRxooKSPJfGvJ9fJQFa0TUsXzTg8=
github.com/golang/groupcache v0.0.0-20210331224755-41bb18bfe9da h1:oI5xCqsCo564l8iNU+DwB5epxmsaqB+rhGL0m5jtYqE=
github.com/golang/groupcache v0.0.0-20210331224755-41bb18bfe9da/go.mod h1:cIg4eruTrX1D+g88fzRXU5OdNfaM+9IcxsU14FzY7Hc=
github.com/golang/mock v1.6.0 h1:ErTB+efbowRARo13NNdxyJji2egdxLGQhRaY+DUumQc=
github.com/golang/mock v1.6.0/go.mod h1:p6yTPP+5HYm5mzsMV8JkE6ZKdX+/wYM6Hr+LicevLPs=
github.com/google/go-cmp v0.5.4/go.mod h1:v8dTdLbMG2kIc/vJvl+f65V22dbkXbowE6jgT/gNBxE=
github.com/google/go-cmp v0.6.0 h1:ofyhxvXcZhMsU5ulbFiLKl/XBFqE1GSq7atu8tAmTRI=
github.com/google/go-cmp v0.6.0/go.mod h1:17dUlkBOakJ0+DkrSSNjCkIjxS6bF9zb3elmeNGIjoY=
github.com/jezek/xgb v1.1.1 h1:bE/r8ZZtSv7l9gk6nU0mYx51aXrvnyb44892TwSaqS4=
github.com/jezek/xgb v1.1.1/go.mod h1:nrhwO0FX/enq75I7Y7G8iN1ubpSGZEiA3v9e9GyRFlk=
github.com/mattn/go-runewidth v0.0.14 h1:+xnbZSEeDbOIg5/mE6JF0w6n9duR1l3/WmbinWVwUuU=
github.com/mattn/go-runewidth v0.0.14/go.mod h1:Jdepj2loyihRzMpdS35Xk/zdY8IAYHsh153qUoGf23w=
github.com/mzki/erago v0.9.1-0.20241214110236-c473833e2be5 h1:TjnP8JcHYZmPgh5mnRf+hQw3D+JHydqI9VJ9WqHLobE=
github.com/mzki/erago v0.9.1-0.20241214110236-c473833e2be5/go.mod h1:vxAakix+9ybcDZRwSw3rFDocm6hzwfW0cjpHRdp3rPY=
github.com/psanford/memfs v0.0.0-20241019191636-4ef911798f9b h1:xzjEJAHum+mV5Dd5KyohRlCyP03o4yq6vNpEUtAJQzI=
github.com/psanford/memfs v0.0.0-20241019191636-4ef911798f9b/go.mod h1:tcaRap0jS3eifrEEllL6ZMd9dg8IlDpi2S1oARrQ+NI=
github.com/rivo/uniseg v0.2.0/go.mod h1:J6wj4VEh+S6ZtnVlnTBMWIodfgj8LQOQFoIToxlJtxc=
github.com/rivo/uniseg v0.4.3 h1:utMvzDsuh3suAEnhH0RdHmoPbU648o6CvXxTx4SBMOw=
github.com/rivo/uniseg v0.4.3/go.mod h1:FN3SvrM+Zdj16jyLfmOkMNblXMcoc8DfTHruCPUcx88=
github.com/ugorji/go v1.2.7/go.mod h1:nF9osbDWLy6bDVv/Rtoh6QgnvNDpmCalQV5urGCCS6M=
github.com/ugorji/go/codec v1.2.7 h1:YPXUKf7fYbp/y8xloBqZOw2qaVggbfwMlI8WM3wZUJ0=
github.com/ugorji/go/codec v1.2.7/go.mod h1:WGN1fab3R1fzQlVQTkfxVtIBhWDRqOviHU95kRgeqEY=
github.com/yuin/gopher-lua v1.1.1 h1:kYKnWBjvbNP4XLT3+bPEwAXJx262OhaHDWDVOPjL46M=
github.com/yuin/gopher-lua v1.1.1/go.mod h1:GBR0iDaNXjAgGg9zfCvksxSRnQx76gclCIb7kdAd1Pw=
golang.org/x/exp/shiny v0.0.0-20241009180824-f66d83c29e7c h1:jTMrjjZRcSH/BDxWhXCP6OWsfVgmnwI7J+F4/nyVXaU=
golang.org/x/exp/shiny v0.0.0-20241009180824-f66d83c29e7c/go.mod h1:3F+MieQB7dRYLTmnncoFbb1crS5lfQoTfDgQy6K4N0o=
golang.org/x/image v0.21.0 h1:c5qV36ajHpdj4Qi0GnE0jUc/yuo33OLFaa0d+crTD5s=
golang.org/x/image v0.21.0/go.mod h1:vUbsLavqK/W303ZroQQVKQ+Af3Yl6Uz1Ppu5J/cLz78=
golang.org/x/mobile v0.0.0-20240520174638-fa72addaaa1b h1:WX7nnnLfCEXg+FmdYZPai2XuP3VqCP1HZVMST0n9DF0=
golang.org/x/mobile v0.0.0-20240520174638-fa72addaaa1b/go.mod h1:EiXZlVfUTaAyySFVJb9rsODuiO+WXu8HrUuySb7nYFw=
golang.org/x/sys v0.28.0 h1:Fksou7UEQUWlKvIdsqzJmUmCX3cZuD2+P3XyyzwMhlA=
golang.org/x/sys v0.28.0/go.mod h1:/VUhepiaJMQUp4+oa/7Zr1D23ma6VTLIYjOOTFZPUcA=
golang.org/x/text v0.19.0 h1:kTxAhCbGbxhK0IwgSKiMO5awPoDQ0RpfiVYBfK860YM=
golang.org/x/text v0.19.0/go.mod h1:BuEKDfySbSR4drPmRPG/7iBdf8hvFMuRexcpahXilzY=
golang.org/x/xerrors v0.0.0-20191204190536-9bdfabe68543/go.mod h1:I/5z698sn9Ka8TeJc9MKroUUfqBBauWjQqLJ2OPfmY0=
